
Microsoft Visual Studio Solution File, Format Version 12.00
Project("{FAE04EC0-301F-11D3-BF4B-00C04F79EFBC}") = "BitmapToZpl", "BitmapToZpl\BitmapToZpl.csproj", "{425AF1AE-98B5-4FAF-BC6C-F21138E39E30}"
EndProject
Global
	GlobalSection(SolutionConfigurationPlatforms) = preSolution
		Debug|Any CPU = Debug|Any CPU
		Release|Any CPU = Release|Any CPU
	EndGlobalSection
	GlobalSection(ProjectConfigurationPlatforms) = postSolution
		{425AF1AE-98B5-4FAF-BC6C-F21138E39E30}.Debug|Any CPU.ActiveCfg = Debug|Any CPU
		{425AF1AE-98B5-4FAF-BC6C-F21138E39E30}.Debug|Any CPU.Build.0 = Debug|Any CPU
		{425AF1AE-98B5-4FAF-BC6C-F21138E39E30}.Release|Any CPU.ActiveCfg = Release|Any CPU
		{425AF1AE-98B5-4FAF-BC6C-F21138E39E30}.Release|Any CPU.Build.0 = Release|Any CPU
	EndGlobalSection
EndGlobal
